
Microsoft Visual Studio Solution File, Format Version 12.00
# Visual Studio Version 16
VisualStudioVersion = 16.0.32002.261
MinimumVisualStudioVersion = 10.0.40219.1
Project("{FAE04EC0-301F-11D3-BF4B-00C04F79EFBC}") = "TestDelegate", "TestDelegate\TestDelegate.csproj", "{D3743324-7F6B-4DAD-B43D-0D5E58A39C34}"
EndProject
Global
	GlobalSection(SolutionConfigurationPlatforms) = preSolution
		Debug|Any CPU = Debug|Any CPU
		Release|Any CPU = Release|Any CPU
	EndGlobalSection
	GlobalSection(ProjectConfigurationPlatforms) = postSolution
		{D3743324-7F6B-4DAD-B43D-0D5E58A39C34}.Debug|Any CPU.ActiveCfg = Debug|Any CPU
		{D3743324-7F6B-4DAD-B43D-0D5E58A39C34}.Debug|Any CPU.Build.0 = Debug|Any CPU
		{D3743324-7F6B-4DAD-B43D-0D5E58A39C34}.Release|Any CPU.ActiveCfg = Release|Any CPU
		{D3743324-7F6B-4DAD-B43D-0D5E58A39C34}.Release|Any CPU.Build.0 = Release|Any CPU
	EndGlobalSection
	GlobalSection(SolutionProperties) = preSolution
		HideSolutionNode = FALSE
	EndGlobalSection
	GlobalSection(ExtensibilityGlobals) = postSolution
		SolutionGuid = {30BA37A6-6A08-4C82-8923-3D79E6D59A1A}
	EndGlobalSection
EndGlobal
